
Microsoft Visual Studio Solution File, Format Version 12.00
# Visual Studio Version 17
VisualStudioVersion = 17.8.34330.188
MinimumVisualStudioVersion = 10.0.40219.1
Project("{8BC9CEB8-8B4A-11D0-8D11-00A0C91BC942}") = "HW1_Question8", "HW1_Question8.vcxproj", "{4840F219-7F71-445A-8996-98362A660772}"
EndProject
Global
	GlobalSection(SolutionConfigurationPlatforms) = preSolution
		Debug|x64 = Debug|x64
		Debug|x86 = Debug|x86
		Release|x64 = Release|x64
		Release|x86 = Release|x86
	EndGlobalSection
	GlobalSection(ProjectConfigurationPlatforms) = postSolution
		{4840F219-7F71-445A-8996-98362A660772}.Debug|x64.ActiveCfg = Debug|x64
		{4840F219-7F71-445A-8996-98362A660772}.Debug|x64.Build.0 = Debug|x64
		{4840F219-7F71-445A-8996-98362A660772}.Debug|x86.ActiveCfg = Debug|Win32
		{4840F219-7F71-445A-8996-98362A660772}.Debug|x86.Build.0 = Debug|Win32
		{4840F219-7F71-445A-8996-98362A660772}.Release|x64.ActiveCfg = Release|x64
		{4840F219-7F71-445A-8996-98362A660772}.Release|x64.Build.0 = Release|x64
		{4840F219-7F71-445A-8996-98362A660772}.Release|x86.ActiveCfg = Release|Win32
		{4840F219-7F71-445A-8996-98362A660772}.Release|x86.Build.0 = Release|Win32
	EndGlobalSection
	GlobalSection(SolutionProperties) = preSolution
		HideSolutionNode = FALSE
	EndGlobalSection
	GlobalSection(ExtensibilityGlobals) = postSolution
		SolutionGuid = {F1DC76F9-C59B-4FDA-AB9B-68EDDC60044F}
	EndGlobalSection
EndGlobal
